
Microsoft Visual Studio Solution File, Format Version 12.00
# Visual Studio 2013
VisualStudioVersion = 12.0.30110.0
MinimumVisualStudioVersion = 10.0.40219.1
Project("{FAE04EC0-301F-11D3-BF4B-00C04F79EFBC}") = "LMConnect.Web", "LMConnect.Web\LMConnect.Web.csproj", "{C7E4493D-0F51-4150-A7D0-C67E9BBFBE44}"
EndProject
Project("{FAE04EC0-301F-11D3-BF4B-00C04F79EFBC}") = "LMConnect", "LMConnect\LMConnect.csproj", "{98E96392-DCB6-4200-B18D-1891AE9FE604}"
EndProject
Project("{FAE04EC0-301F-11D3-BF4B-00C04F79EFBC}") = "LMConnect.Console", "LMConnect.Console\LMConnect.Console.csproj", "{B9B94ADA-4DBD-4B73-B712-FB38F6B87FC7}"
EndProject
Project("{FAE04EC0-301F-11D3-BF4B-00C04F79EFBC}") = "LMConnect.Key", "LMConnect.Key\LMConnect.Key.csproj", "{6EF009CC-E3D2-4E81-AF8C-DB13D8164587}"
EndProject
Project("{2150E333-8FDC-42A3-9474-1A3956D46DE8}") = ".nuget", ".nuget", "{185D6D4A-8303-4947-85BF-ED822120B588}"
	ProjectSection(SolutionItems) = preProject
		.nuget\NuGet.Config = .nuget\NuGet.Config
		.nuget\NuGet.exe = .nuget\NuGet.exe
		.nuget\NuGet.targets = .nuget\NuGet.targets
	EndProjectSection
EndProject
Project("{FAE04EC0-301F-11D3-BF4B-00C04F79EFBC}") = "LMConnect.Web.Tests", "..\Tests\LMConnect.Web.Tests\LMConnect.Web.Tests.csproj", "{AD698C23-EB88-4CB8-9FF5-3C05F73DE056}"
EndProject
Project("{2150E333-8FDC-42A3-9474-1A3956D46DE8}") = "Tests", "Tests", "{C4EB4249-43C4-4C23-8B50-DD1E0A9A05A2}"
EndProject
Project("{FAE04EC0-301F-11D3-BF4B-00C04F79EFBC}") = "LMConnect.Client", "LMConnect.Client\LMConnect.Client.csproj", "{29636E50-B086-4D3F-9AF4-03CA960F5CBB}"
EndProject
Global
	GlobalSection(SolutionConfigurationPlatforms) = preSolution
		Debug|Any CPU = Debug|Any CPU
		Release|Any CPU = Release|Any CPU
	EndGlobalSection
	GlobalSection(ProjectConfigurationPlatforms) = postSolution
		{C7E4493D-0F51-4150-A7D0-C67E9BBFBE44}.Debug|Any CPU.ActiveCfg = Debug|Any CPU
		{C7E4493D-0F51-4150-A7D0-C67E9BBFBE44}.Debug|Any CPU.Build.0 = Debug|Any CPU
		{C7E4493D-0F51-4150-A7D0-C67E9BBFBE44}.Release|Any CPU.ActiveCfg = Release|Any CPU
		{C7E4493D-0F51-4150-A7D0-C67E9BBFBE44}.Release|Any CPU.Build.0 = Release|Any CPU
		{98E96392-DCB6-4200-B18D-1891AE9FE604}.Debug|Any CPU.ActiveCfg = Debug|Any CPU
		{98E96392-DCB6-4200-B18D-1891AE9FE604}.Debug|Any CPU.Build.0 = Debug|Any CPU
		{98E96392-DCB6-4200-B18D-1891AE9FE604}.Release|Any CPU.ActiveCfg = Release|Any CPU
		{98E96392-DCB6-4200-B18D-1891AE9FE604}.Release|Any CPU.Build.0 = Release|Any CPU
		{B9B94ADA-4DBD-4B73-B712-FB38F6B87FC7}.Debug|Any CPU.ActiveCfg = Debug|Any CPU
		{B9B94ADA-4DBD-4B73-B712-FB38F6B87FC7}.Debug|Any CPU.Build.0 = Debug|Any CPU
		{B9B94ADA-4DBD-4B73-B712-FB38F6B87FC7}.Release|Any CPU.ActiveCfg = Release|Any CPU
		{B9B94ADA-4DBD-4B73-B712-FB38F6B87FC7}.Release|Any CPU.Build.0 = Release|Any CPU
		{6EF009CC-E3D2-4E81-AF8C-DB13D8164587}.Debug|Any CPU.ActiveCfg = Debug|Any CPU
		{6EF009CC-E3D2-4E81-AF8C-DB13D8164587}.Debug|Any CPU.Build.0 = Debug|Any CPU
		{6EF009CC-E3D2-4E81-AF8C-DB13D8164587}.Release|Any CPU.ActiveCfg = Release|Any CPU
		{6EF009CC-E3D2-4E81-AF8C-DB13D8164587}.Release|Any CPU.Build.0 = Release|Any CPU
		{AD698C23-EB88-4CB8-9FF5-3C05F73DE056}.Debug|Any CPU.ActiveCfg = Debug|Any CPU
		{AD698C23-EB88-4CB8-9FF5-3C05F73DE056}.Debug|Any CPU.Build.0 = Debug|Any CPU
		{AD698C23-EB88-4CB8-9FF5-3C05F73DE056}.Release|Any CPU.ActiveCfg = Release|Any CPU
		{AD698C23-EB88-4CB8-9FF5-3C05F73DE056}.Release|Any CPU.Build.0 = Release|Any CPU
		{29636E50-B086-4D3F-9AF4-03CA960F5CBB}.Debug|Any CPU.ActiveCfg = Debug|Any CPU
		{29636E50-B086-4D3F-9AF4-03CA960F5CBB}.Debug|Any CPU.Build.0 = Debug|Any CPU
		{29636E50-B086-4D3F-9AF4-03CA960F5CBB}.Release|Any CPU.ActiveCfg = Release|Any CPU
		{29636E50-B086-4D3F-9AF4-03CA960F5CBB}.Release|Any CPU.Build.0 = Release|Any CPU
	EndGlobalSection
	GlobalSection(SolutionProperties) = preSolution
		HideSolutionNode = FALSE
	EndGlobalSection
	GlobalSection(NestedProjects) = preSolution
		{AD698C23-EB88-4CB8-9FF5-3C05F73DE056} = {C4EB4249-43C4-4C23-8B50-DD1E0A9A05A2}
	EndGlobalSection
EndGlobal
